
Microsoft Visual Studio Solution File, Format Version 12.00
# Visual Studio Version 17
VisualStudioVersion = 17.3.32804.467
MinimumVisualStudioVersion = 10.0.40219.1
Project("{FAE04EC0-301F-11D3-BF4B-00C04F79EFBC}") = "JWTTokenDemo", "JWTTokenDemo\JWTTokenDemo.csproj", "{1EF09DA5-D909-4145-87BB-CAB8F3A76178}"
EndProject
Global
	GlobalSection(SolutionConfigurationPlatforms) = preSolution
		Debug|Any CPU = Debug|Any CPU
		Release|Any CPU = Release|Any CPU
	EndGlobalSection
	GlobalSection(ProjectConfigurationPlatforms) = postSolution
		{1EF09DA5-D909-4145-87BB-CAB8F3A76178}.Debug|Any CPU.ActiveCfg = Debug|Any CPU
		{1EF09DA5-D909-4145-87BB-CAB8F3A76178}.Debug|Any CPU.Build.0 = Debug|Any CPU
		{1EF09DA5-D909-4145-87BB-CAB8F3A76178}.Release|Any CPU.ActiveCfg = Release|Any CPU
		{1EF09DA5-D909-4145-87BB-CAB8F3A76178}.Release|Any CPU.Build.0 = Release|Any CPU
	EndGlobalSection
	GlobalSection(SolutionProperties) = preSolution
		HideSolutionNode = FALSE
	EndGlobalSection
	GlobalSection(ExtensibilityGlobals) = postSolution
		SolutionGuid = {E162A908-9ECB-4403-A48D-7AF1FBE435AB}
	EndGlobalSection
EndGlobal
